# Generated by packaging/refresh_lock.py; see deployment-lock.json for provenance.
pip==25.1.1 --hash=sha256:2913a38a2abf4ea6b64ab507bd9e967f3b53dc1ede74b01b0931e1ce548751af
setuptools==70.2.0 --hash=sha256:b8b8060bb426838fbe942479c90296ce976249451118ef566a5a0b7d8b78fb05
wheel==0.45.1 --hash=sha256:708e7481cc80179af0e556bbf0cc00b8444c7321e2700b8d8580231d13017248
