# Generated by packaging/refresh_lock.py; see deployment-lock.json for provenance.
affine==2.4.0 --hash=sha256:8a3df80e2b2378aef598a83c1392efd47967afec4242021a0b06b4c7cbc61a92
ansicon==1.89.0 --hash=sha256:f1def52d17f65c2c9682cf8370c03f541f410c1752d6a14029f97318e4b9dfec
attrs==26.1.0 --hash=sha256:c647aa4a12dfbad9333ca4e71fe62ddc36f4e63b2d260a37a8b83d2f043ac309
blessed==1.47.0 --hash=sha256:f4df54a32289b6a3eaca49387b4f6823ba7e04ddb5ffa18f5e1fde44e8b79681
boto3==1.43.83 --hash=sha256:73a3564f737d4516625964eee709a498fa98ccee6aca929febad2b0b5fbeae1e
botocore==1.43.83 --hash=sha256:bf75a6cf587c22d968e43e79fe122c39f82deafbe9c3422bc5d3e80b6210fc98
certifi==2026.7.22 --hash=sha256:62f22742b58a1a33014a2b6b706588a8d7e2a88ae7bd1a6ebe8c992928483775
charset-normalizer==3.5.1 --hash=sha256:aea996a6aba25260827c9ea511d1addfde2da9eb686ac961838509086188b7e6
click==8.4.2 --hash=sha256:e6f9f66136c816745b9d65817da91d61d957fb16e02e4dcd0552553c5a197b76
cligj==0.7.2 --hash=sha256:c1ca117dbce1fe20a5809dc96f01e1c2840f6dcc939b3ddbb1111bf330ba82df
colorama==0.4.6 --hash=sha256:4f1d9991f5acc0ca119f9d443620b77f9d6b33703e51011c16baf57afb285fc6
contourpy==1.3.3 --hash=sha256:1cadd8b8969f060ba45ed7c1b714fe69185812ab43bd6b86a9123fe8f99c3263
cycler==0.12.1 --hash=sha256:85cef7cff222d8644161529808465972e51340599459b8ac3ccbac5a854e0d30
editor==1.8.0 --hash=sha256:7d47ff88ae6c5f6c43d28c30b6f7fd59a24741175a1771ab06c969d946d7dfd0
fonttools==4.62.1 --hash=sha256:7aa21ff53e28a9c2157acbc44e5b401149d3c9178107130e82d74ceb500e5056
geopandas==1.1.4 --hash=sha256:1a0c459cbdb1537cd154dafe6174be20d1760844b7f1c967dc8520b180f2e773
idna==3.19 --hash=sha256:815e7be7a7806d54abb586dc943addc79e8b2ee16915059658cbeff4b1b43bf4
inquirer==3.4.1 --hash=sha256:717bf146d547b595d2495e7285fd55545cff85e5ce01decc7487d2ec6a605412
jinxed==2.1.0 --hash=sha256:43b802d18b70e405d410fb66eb2837d1101e7e5ea922e666507bb43f34d11d09
jmespath==1.1.0 --hash=sha256:a5663118de4908c91729bea0acadca56526eb2698e83de10cd116ae0f4e97c64
joblib==1.5.3 --hash=sha256:5fc3c5039fc5ca8c0276333a188bbd59d6b7ab37fe6632daa76bc7f9ec18e713
kiwisolver==1.5.0 --hash=sha256:0bf3acf1419fa93064a4c2189ac0b58e3be7872bf6ee6177b0d4c63dc4cea276
matplotlib==3.10.8 --hash=sha256:e8ea3e2d4066083e264e75c829078f9e149fa119d27e19acd503de65e0b13149
narwhals==2.24.0 --hash=sha256:42fdedf44e5b2ca7505630d45b4ac3058f38d8485cba9fe1652ca23152df7489
numpy==2.4.3 --hash=sha256:0a60e17a14d640f49146cb38e3f105f571318db7826d9b6fef7e4dce758faecd
opencv-python==5.0.0.93 --hash=sha256:f90ba04b8f73bc5c3814037699739f0156f597338a98f05956c684e7c3ca10d2
packaging==26.0 --hash=sha256:b36f1fef9334a5588b4166f8bcd26a14e521f2b55e6b9de3aaa80d3ff7a37529
pandas==3.0.5 --hash=sha256:0d298e951f23016ce4699951d044ae6418dbc91bf68cefca0f77666fcbb4e5c6
pillow==12.1.1 --hash=sha256:344cf1e3dab3be4b1fa08e449323d98a2a3f819ad20f4b22e77a0ede31f0faa1
pygeomag==1.1.0 --hash=sha256:b08fc5de7ca545721e511f62a342d415a4d76e695fec28ef9ef255e994e6727b
pyogrio==0.13.0 --hash=sha256:1b91f6d6e6757a6ea84b9459d24f479dcb52bbf4ebcdb16baf39e49d2836a1cf
pyparsing==3.3.2 --hash=sha256:850ba148bd908d7e2411587e247a1e4f0327839c40e2e5e6d05a007ecc69911d
pyproj==3.7.2 --hash=sha256:bb41c29d5f60854b1075853fe80c58950b398d4ebb404eb532536ac8d2834ed7
pyside6==6.11.2 --hash=sha256:3201d67e3c10be2eaedd3910ff0f02351eca7e88c95a291cde5e7f2f55ef207f
pyside6-addons==6.11.2 --hash=sha256:f449ea4431da20e7b86752cca8d166f93434516fe417f981c27e5f8e1b554407
pyside6-essentials==6.11.2 --hash=sha256:c8a29def77032773a30879f7f24415b5395ad08592d147c170824ef4c735dfc1
python-dateutil==2.9.0.post0 --hash=sha256:a8b2bc7bffae282281c8140a97d3aa9c14da0b136dfe83f850eea9a5f7470427
rasterio==1.5.0 --hash=sha256:d7d6729c0739b5ec48c33686668a30e27f5bdb361093f180ee7818ff19665547
readchar==4.2.2 --hash=sha256:92daf7e42c52b0787e6c75d01ecfb9a94f4ceff3764958b570c1dddedd47b200
requests==2.34.2 --hash=sha256:2a0d60c172f83ac6ab31e4554906c0f3b3588d37b5cb939b1c061f4907e278e0
runs==1.3.0 --hash=sha256:e71a551cfa8da9ef882cac1d5a108bda78c9edee5b8d87e37c1003da5b6a7bed
s3transfer==0.19.2 --hash=sha256:d8168eccca828cbb2cd573675333f3bddd254313a9c42494b84c76b539e8ba25
scikit-learn==1.9.0 --hash=sha256:5808d98f15c6bf6d9d96d2348c1997392a5888ce7097e664105f930c4bca1277
scipy==1.18.0 --hash=sha256:1afac4a847207c7ff8efd321734a50b06d0280b3b2a2c0fc2f413101747ad7c7
seaborn==0.13.2 --hash=sha256:636f8336facf092165e27924f223d3c62ca560b1f2bb5dff7ab7fad265361987
shapely==2.1.2 --hash=sha256:ca2591bff6645c216695bdf1614fca9c82ea1144d4a7591a466fef64f28f0715
shiboken6==6.11.2 --hash=sha256:6ab0eba1c904455df621f9a6df3ca2bb896bab8670572d2bc4e37804ae91f19a
six==1.17.0 --hash=sha256:4721f391ed90541fddacab5acf947aa0d3dc7d27b2e1e8eda2be8970586c3274
threadpoolctl==3.6.0 --hash=sha256:43a0b8fd5a2928500110039e43a5eed8480b918967083ea48dc3ab9f13c4a7fb
tqdm==4.69.0 --hash=sha256:9979978912be667a6ef21fd5d8abf54e324e63d82f7f43c360792ebc2bc4e622
tzdata==2026.3 --hash=sha256:dc096730c87af6cab1b171c9d532be840741ff5d459015e7f6947bd7d7e54931
urllib3==2.7.0 --hash=sha256:9fb4c81ebbb1ce9531cce37674bbc6f1360472bc18ca9a553ede278ef7276897
utm==0.8.1 --hash=sha256:e3d5e224082af138e40851dcaad08d7f99da1cc4b5c413a7de34eabee35f434a
wcwidth==0.8.2 --hash=sha256:d63947694a0539a1d51e01eda7caf800c291020e6cdd7e28ad7b14dd33ad4f85
xmod==1.10.0 --hash=sha256:bebf8493b7ac63097401590a329c9ed20da224de0583a522e7ccb634af122f5a
